{
    "_meta": {
        "hash": {
            "sha256": "befd7dce2fe05a7e5b23fcafb13f262bd7f276cd08abd2bf212a3fb9ec29b0fa"
        },
        "pipfile-spec": 6,
        "requires": {
            "python_version": "3.12"
        },
        "sources": [
            {
                "name": "pypi",
                "url": "https://pypi.org/simple",
                "verify_ssl": true
            }
        ]
    },
    "default": {
        "asgiref": {
            "hashes": [
                "sha256:5f184dc43b7e763efe848065441eac62229c9f7b0475f41f80e207a114eda4ce",
                "sha256:e8667a091e69529631969fd45dc268fa79b99c92c5fcdda727757e52146ec133"
            ],
            "markers": "python_version >= '3.9'",
            "version": "==3.11.1"
        },
        "django": {
            "hashes": [
                "sha256:3046a53b0e40d4b676c3b774c73411d7184ae2745fe8ce5e45c0f33d3ddb71a7",
                "sha256:610dd3b13d15ec3f1e1d257caedd751db8033c5ad8ea0e2d1219a8acf446ecc6"
            ],
            "index": "pypi",
            "markers": "python_version >= '3.12'",
            "version": "==6.0.2"
        },
        "django-extensions": {
            "hashes": [
                "sha256:0699a7af28f2523bf8db309a80278519362cd4b6e1fd0a8cd4bf063e1e023336",
                "sha256:7b70a4d28e9b840f44694e3f7feb54f55d495f8b3fa6c5c0e5e12bcb2aa3cdeb"
            ],
            "index": "pypi",
            "markers": "python_version >= '3.9'",
            "version": "==4.1"
        },
        "djangorestframework": {
            "hashes": [
                "sha256:166809528b1aced0a17dc66c24492af18049f2c9420dbd0be29422029cfc3ff7",
                "sha256:33a59f47fb9c85ede792cbf88bde71893bcda0667bc573f784649521f1102cec"
            ],
            "index": "pypi",
            "markers": "python_version >= '3.9'",
            "version": "==3.16.1"
        },
        "dotenv": {
            "hashes": [
                "sha256:29cf74a087b31dafdb5a446b6d7e11cbce8ed2741540e2339c69fbef92c94ce9"
            ],
            "index": "pypi",
            "version": "==0.9.9"
        },
        "psycopg": {
            "hashes": [
                "sha256:3e94bc5f4690247d734599af56e51bae8e0db8e4311ea413f801fef82b14a99b",
                "sha256:707a67975ee214d200511177a6a80e56e654754c9afca06a7194ea6bbfde9ca7"
            ],
            "index": "pypi",
            "markers": "python_version >= '3.10'",
            "version": "==3.3.2"
        },
        "psycopg2-binary": {
            "hashes": [
                "sha256:00ce1830d971f43b667abe4a56e42c1e2d594b32da4802e44a73bacacb25535f",
                "sha256:04195548662fa544626c8ea0f06561eb6203f1984ba5b4562764fbeb4c3d14b1",
                "sha256:0da4de5c1ac69d94ed4364b6cbe7190c1a70d325f112ba783d83f8440285f152",
                "sha256:0e8480afd62362d0a6a27dd09e4ca2def6fa50ed3a4e7c09165266106b2ffa10",
                "sha256:20e7fb94e20b03dcc783f76c0865f9da39559dcc0c28dd1a3fce0d01902a6b9c",
                "sha256:2c226ef95eb2250974bf6fa7a842082b31f68385c4f3268370e3f3870e7859ee",
                "sha256:2d11098a83cca92deaeaed3d58cfd150d49b3b06ee0d0852be466bf87596899e",
                "sha256:2e164359396576a3cc701ba8af4751ae68a07235d7a380c631184a611220d9a4",
                "sha256:304fd7b7f97eef30e91b8f7e720b3db75fee010b520e434ea35ed1ff22501d03",
                "sha256:31b32c457a6025e74d233957cc9736742ac5a6cb196c6b68499f6bb51390bd6a",
                "sha256:32770a4d666fbdafab017086655bcddab791d7cb260a16679cc5a7338b64343b",
                "sha256:366df99e710a2acd90efed3764bb1e28df6c675d33a7fb40df9b7281694432ee",
                "sha256:37d8412565a7267f7d79e29ab66876e55cb5e8e7b3bbf94f8206f6795f8f7e7e",
                "sha256:4012c9c954dfaccd28f94e84ab9f94e12df76b4afb22331b1f0d3154893a6316",
                "sha256:41360b01c140c2a03d346cec3280cf8a71aa07d94f3b1509fa0161c366af66b4",
                "sha256:44fc5c2b8fa871ce7f0023f619f1349a0aa03a0857f2c96fbc01c657dcbbdb49",
                "sha256:47f212c1d3be608a12937cc131bd85502954398aaa1320cb4c14421a0ffccf4c",
                "sha256:4bdab48575b6f870f465b397c38f1b415520e9879fdf10a53ee4f49dcbdf8a21",
                "sha256:4dca1f356a67ecb68c81a7bc7809f1569ad9e152ce7fd02c2f2036862ca9f66b",
                "sha256:5c6ff3335ce08c75afaed19e08699e8aacf95d4a260b495a4a8545244fe2ceb3",
                "sha256:5f3f2732cf504a1aa9e9609d02f79bea1067d99edf844ab92c247bbca143303b",
                "sha256:62b6d93d7c0b61a1dd6197d208ab613eb7dcfdcca0a49c42ceb082257991de9d",
                "sha256:691c807d94aecfbc76a14e1408847d59ff5b5906a04a23e12a89007672b9e819",
                "sha256:763c93ef1df3da6d1a90f86ea7f3f806dc06b21c198fa87c3c25504abec9404a",
                "sha256:84011ba3109e06ac412f95399b704d3d6950e386b7994475b231cf61eec2fc1f",
                "sha256:865f9945ed1b3950d968ec4690ce68c55019d79e4497366d36e090327ce7db14",
                "sha256:875039274f8a2361e5207857899706da840768e2a775bf8c65e82f60b197df02",
                "sha256:8b81627b691f29c4c30a8f322546ad039c40c328373b11dff7490a3e1b517855",
                "sha256:8c55b385daa2f92cb64b12ec4536c66954ac53654c7f15a203578da4e78105c0",
                "sha256:91537a8df2bde69b1c1db01d6d944c831ca793952e4f57892600e96cee95f2cd",
                "sha256:92e3b669236327083a2e33ccfa0d320dd01b9803b3e14dd986a4fc54aa00f4e1",
                "sha256:9b52a3f9bb540a3e4ec0f6ba6d31339727b2950c9772850d6545b7eae0b9d7c5",
                "sha256:9bd81e64e8de111237737b29d68039b9c813bdf520156af36d26819c9a979e5f",
                "sha256:9c55460033867b4622cda1b6872edf445809535144152e5d14941ef591980edf",
                "sha256:9d3a9edcfbe77a3ed4bc72836d466dfce4174beb79eda79ea155cc77237ed9e8",
                "sha256:a1cf393f1cdaf6a9b57c0a719a1068ba1069f022a59b8b1fe44b006745b59757",
                "sha256:a28d8c01a7b27a1e3265b11250ba7557e5f72b5ee9e5f3a2fa8d2949c29bf5d2",
                "sha256:a311f1edc9967723d3511ea7d2708e2c3592e3405677bf53d5c7246753591fbb",
                "sha256:a6c0e4262e089516603a09474ee13eabf09cb65c332277e39af68f6233911087",
                "sha256:ab8905b5dcb05bf3fb22e0cf90e10f469563486ffb6a96569e51f897c750a76a",
                "sha256:b31e90fdd0f968c2de3b26ab014314fe814225b6c324f770952f7d38abf17e3c",
                "sha256:b33fabeb1fde21180479b2d4667e994de7bbf0eec22832ba5d9b5e4cf65b6c6d",
                "sha256:b637d6d941209e8d96a072d7977238eea128046effbf37d1d8b2c0764750017d",
                "sha256:b6aed9e096bf63f9e75edf2581aa9a7e7186d97ab5c177aa6c87797cd591236c",
                "sha256:b8fb3db325435d34235b044b199e56cdf9ff41223a4b9752e8576465170bb38c",
                "sha256:ba34475ceb08cccbdd98f6b46916917ae6eeb92b5ae111df10b544c3a4621dc4",
                "sha256:be9b840ac0525a283a96b556616f5b4820e0526addb8dcf6525a0fa162730be4",
                "sha256:bf940cd7e7fec19181fdbc29d76911741153d51cab52e5c21165f3262125685e",
                "sha256:c0377174bf1dd416993d16edc15357f6eb17ac998244cca19bc67cdc0e2e5766",
                "sha256:c3cb3a676873d7506825221045bd70e0427c905b9c8ee8d6acd70cfcbd6e576d",
                "sha256:c47676e5b485393f069b4d7a811267d3168ce46f988fa602658b8bb901e9e64d",
                "sha256:c665f01ec8ab273a61c62beeb8cce3014c214429ced8a308ca1fc410ecac3a39",
                "sha256:cffe9d7697ae7456649617e8bb8d7a45afb71cd13f7ab22af3e5c61f04840908",
                "sha256:d526864e0f67f74937a8fce859bd56c979f5e2ec57ca7c627f5f1071ef7fee60",
                "sha256:d57c9c387660b8893093459738b6abddbb30a7eab058b77b0d0d1c7d521ddfd7",
                "sha256:d6fe6b47d0b42ce1c9f1fa3e35bb365011ca22e39db37074458f27921dca40f2",
                "sha256:db4fd476874ccfdbb630a54426964959e58da4c61c9feba73e6094d51303d7d8",
                "sha256:e0deeb03da539fa3577fcb0b3f2554a97f7e5477c246098dbb18091a4a01c16f",
                "sha256:e35b7abae2b0adab776add56111df1735ccc71406e56203515e228a8dc07089f",
                "sha256:ebb415404821b6d1c47353ebe9c8645967a5235e6d88f914147e7fd411419e6f",
                "sha256:edcb3aeb11cb4bf13a2af3c53a15b3d612edeb6409047ea0b5d6a21a9d744b34",
                "sha256:ef7a6beb4beaa62f88592ccc65df20328029d721db309cb3250b0aae0fa146c3",
                "sha256:efff12b432179443f54e230fdf60de1f6cc726b6c832db8701227d089310e8aa",
                "sha256:f07c9c4a5093258a03b28fab9b4f151aa376989e7f35f855088234e656ee6a94",
                "sha256:f090b7ddd13ca842ebfe301cd587a76a4cf0913b1e429eb92c1be5dbeb1a19bc",
                "sha256:fa0f693d3c68ae925966f0b14b8edda71696608039f4ed61b1fe9ffa468d16db",
                "sha256:fcf21be3ce5f5659daefd2b3b3b6e4727b028221ddc94e6c1523425579664747"
            ],
            "index": "pypi",
            "markers": "python_version >= '3.9'",
            "version": "==2.9.11"
        },
        "python-dotenv": {
            "hashes": [
                "sha256:42667e897e16ab0d66954af0e60a9caa94f0fd4ecf3aaf6d2d260eec1aa36ad6",
                "sha256:b81ee9561e9ca4004139c6cbba3a238c32b03e4894671e181b671e8cb8425d61"
            ],
            "index": "pypi",
            "markers": "python_version >= '3.9'",
            "version": "==1.2.1"
        },
        "sqlparse": {
            "hashes": [
                "sha256:12a08b3bf3eec877c519589833aed092e2444e68240a3577e8e26148acc7b1ba",
                "sha256:e20d4a9b0b8585fdf63b10d30066c7c94c5d7a7ec47c889a2d83a3caa93ff28e"
            ],
            "markers": "python_version >= '3.8'",
            "version": "==0.5.5"
        },
        "typing-extensions": {
            "hashes": [
                "sha256:0cea48d173cc12fa28ecabc3b837ea3cf6f38c6d1136f85cbaaf598984861466",
                "sha256:f0fa19c6845758ab08074a0cfa8b7aecb71c999ca73d62883bc25cc018c4e548"
            ],
            "markers": "python_version < '3.13'",
            "version": "==4.15.0"
        }
    },
    "develop": {
        "appdirs": {
            "hashes": [
                "sha256:7d5d0167b2b1ba821647616af46a749d1c653740dd0d2415100fe26e27afdf41",
                "sha256:a841dacd6b99318a741b166adb07e19ee71a274450e68237b4650ca1055ab128"
            ],
            "version": "==1.4.4"
        },
        "asttokens": {
            "hashes": [
                "sha256:15a3ebc0f43c2d0a50eeafea25e19046c68398e487b9f1f5b517f7c0f40f976a",
                "sha256:71a4ee5de0bde6a31d64f6b13f2293ac190344478f081c3d1bccfcf5eacb0cb7"
            ],
            "markers": "python_version >= '3.8'",
            "version": "==3.0.1"
        },
        "debugpy": {
            "hashes": [
                "sha256:077a7447589ee9bc1ff0cdf443566d0ecf540ac8aa7333b775ebcb8ce9f4ecad",
                "sha256:0dfd9adb4b3c7005e9c33df430bcdd4e4ebba70be533e0066e3a34d210041b66",
                "sha256:157e96ffb7f80b3ad36d808646198c90acb46fdcfd8bb1999838f0b6f2b59c64",
                "sha256:1f7650546e0eded1902d0f6af28f787fa1f1dbdbc97ddabaf1cd963a405930cb",
                "sha256:20d6e64ea177ab6732bffd3ce8fc6fb8879c60484ce14c3b3fe183b1761459ca",
                "sha256:352036a99dd35053b37b7803f748efc456076f929c6a895556932eaf2d23b07f",
                "sha256:3ca85463f63b5dd0aa7aaa933d97cbc47c174896dcae8431695872969f981893",
                "sha256:4057ac68f892064e5f98209ab582abfee3b543fb55d2e87610ddc133a954d390",
                "sha256:4ae3135e2089905a916909ef31922b2d733d756f66d87345b3e5e52b7a55f13d",
                "sha256:55bc8701714969f1ab89a6d5f2f3d40c36f91b2cbe2f65d98bf8196f6a6a2c33",
                "sha256:5be9bed9ae3be00665a06acaa48f8329d2b9632f15fd09f6a9a8c8d9907e54d7",
                "sha256:5dff4bb27027821fdfcc9e8f87309a28988231165147c31730128b1c983e282a",
                "sha256:60f89411a6c6afb89f18e72e9091c3dfbcfe3edc1066b2043a1f80a3bbb3e11f",
                "sha256:70ad9ae09b98ac307b82c16c151d27ee9d68ae007a2e7843ba621b5ce65333b5",
                "sha256:760813b4fff517c75bfe7923033c107104e76acfef7bda011ffea8736e9a66f8",
                "sha256:773e839380cf459caf73cc533ea45ec2737a5cc184cf1b3b796cd4fd98504fec",
                "sha256:7de0b7dfeedc504421032afba845ae2a7bcc32ddfb07dae2c3ca5442f821c344",
                "sha256:84562982dd7cf5ebebfdea667ca20a064e096099997b175fe204e86817f64eaf",
                "sha256:88f47850a4284b88bd2bfee1f26132147d5d504e4e86c22485dfa44b97e19b4b",
                "sha256:9c74df62fc064cd5e5eaca1353a3ef5a5d50da5eb8058fcef63106f7bebe6173",
                "sha256:9eeed9f953f9a23850c85d440bf51e3c56ed5d25f8560eeb29add815bd32f7ee",
                "sha256:a1a8f851e7cf171330679ef6997e9c579ef6dd33c9098458bd9986a0f4ca52e3",
                "sha256:a98eec61135465b062846112e5ecf2eebb855305acc1dfbae43b72903b8ab5be",
                "sha256:b773eb026a043e4d9c76265742bc846f2f347da7e27edf7fe97716ea19d6bfc5",
                "sha256:bff8990f040dacb4c314864da95f7168c5a58a30a66e0eea0fb85e2586a92cd6",
                "sha256:c1178ae571aff42e61801a38b007af504ec8e05fde1c5c12e5a7efef21009642",
                "sha256:c29dd9d656c0fbd77906a6e6a82ae4881514aa3294b94c903ff99303e789b4a2",
                "sha256:da11dea6447b2cadbf8ce2bec59ecea87cc18d2c574980f643f2d2dfe4862393",
                "sha256:eada6042ad88fa1571b74bd5402ee8b86eded7a8f7b827849761700aff171f1b",
                "sha256:eb506e45943cab2efb7c6eafdd65b842f3ae779f020c82221f55aca9de135ed7"
            ],
            "index": "pypi",
            "markers": "python_version >= '3.8'",
            "version": "==1.8.20"
        },
        "decorator": {
            "hashes": [
                "sha256:65f266143752f734b0a7cc83c46f4618af75b8c5911b00ccb61d0ac9b6da0360",
                "sha256:d316bb415a2d9e2d2b3abcc4084c6502fc09240e292cd76a76afc106a1c8e04a"
            ],
            "markers": "python_version >= '3.8'",
            "version": "==5.2.1"
        },
        "executing": {
            "hashes": [
                "sha256:3632cc370565f6648cc328b32435bd120a1e4ebb20c77e3fdde9a13cd1e533c4",
                "sha256:760643d3452b4d777d295bb167ccc74c64a81df23fb5e08eff250c425a4b2017"
            ],
            "markers": "python_version >= '3.8'",
            "version": "==2.2.1"
        },
        "ipython": {
            "hashes": [
                "sha256:c6ab68cc23bba8c7e18e9b932797014cc61ea7fd6f19de180ab9ba73e65ee58d",
                "sha256:cd9e656be97618a0676d058134cd44e6dc7012c0e5cb36a9ce96a8c904adaf77"
            ],
            "index": "pypi",
            "markers": "python_version >= '3.11'",
            "version": "==9.10.0"
        },
        "ipython-pygments-lexers": {
            "hashes": [
                "sha256:09c0138009e56b6854f9535736f4171d855c8c08a563a0dcd8022f78355c7e81",
                "sha256:a9462224a505ade19a605f71f8fa63c2048833ce50abc86768a0d81d876dc81c"
            ],
            "markers": "python_version >= '3.8'",
            "version": "==1.1.1"
        },
        "jedi": {
            "hashes": [
                "sha256:4770dc3de41bde3966b02eb84fbcf557fb33cce26ad23da12c742fb50ecb11f0",
                "sha256:a8ef22bde8490f57fe5c7681a3c83cb58874daf72b4784de3cce5b6ef6edb5b9"
            ],
            "markers": "python_version >= '3.6'",
            "version": "==0.19.2"
        },
        "matplotlib-inline": {
            "hashes": [
                "sha256:d56ce5156ba6085e00a9d54fead6ed29a9c47e215cd1bba2e976ef39f5710a76",
                "sha256:e1ee949c340d771fc39e241ea75683deb94762c8fa5f2927ec57c83c4dffa9fe"
            ],
            "markers": "python_version >= '3.9'",
            "version": "==0.2.1"
        },
        "parso": {
            "hashes": [
                "sha256:034d7354a9a018bdce352f48b2a8a450f05e9d6ee85db84764e9b6bd96dafe5a",
                "sha256:646204b5ee239c396d040b90f9e272e9a8017c630092bf59980beb62fd033887"
            ],
            "markers": "python_version >= '3.6'",
            "version": "==0.8.5"
        },
        "pexpect": {
            "hashes": [
                "sha256:7236d1e080e4936be2dc3e326cec0af72acf9212a7e1d060210e70a47e253523",
                "sha256:ee7d41123f3c9911050ea2c2dac107568dc43b2d3b0c7557a33212c398ead30f"
            ],
            "markers": "sys_platform != 'win32' and sys_platform != 'emscripten'",
            "version": "==4.9.0"
        },
        "prompt-toolkit": {
            "hashes": [
                "sha256:28cde192929c8e7321de85de1ddbe736f1375148b02f2e17edd840042b1be855",
                "sha256:9aac639a3bbd33284347de5ad8d68ecc044b91a762dc39b7c21095fcd6a19955"
            ],
            "markers": "python_version >= '3.8'",
            "version": "==3.0.52"
        },
        "ptpython": {
            "hashes": [
                "sha256:11651778236de95c582b42737294e50a66ba4a21fa01c0090ea70815af478fe0",
                "sha256:16435d323e5fc0a685d5f4dc5bb4494fb68ac68736689cd1247e1eda9369b616"
            ],
            "index": "pypi",
            "markers": "python_version >= '3.8'",
            "version": "==3.0.32"
        },
        "ptyprocess": {
            "hashes": [
                "sha256:4b41f3967fce3af57cc7e94b888626c18bf37a083e3651ca8feeb66d492fef35",
                "sha256:5c5d0a3b48ceee0b48485e0c26037c0acd7d29765ca3fbb5cb3831d347423220"
            ],
            "version": "==0.7.0"
        },
        "pure-eval": {
            "hashes": [
                "sha256:1db8e35b67b3d218d818ae653e27f06c3aa420901fa7b081ca98cbedc874e0d0",
                "sha256:5f4e983f40564c576c7c8635ae88db5956bb2229d7e9237d03b3c0b0190eaf42"
            ],
            "version": "==0.2.3"
        },
        "pygments": {
            "hashes": [
                "sha256:636cb2477cec7f8952536970bc533bc43743542f70392ae026374600add5b887",
                "sha256:86540386c03d588bb81d44bc3928634ff26449851e99741617ecb9037ee5ec0b"
            ],
            "markers": "python_version >= '3.8'",
            "version": "==2.19.2"
        },
        "ruff": {
            "hashes": [
                "sha256:238a717ef803e501b6d51e0bdd0d2c6e8513fe9eec14002445134d3907cd46c3",
                "sha256:5298d518e493061f2eabd4abd067c7e4fb89e2f63291c94332e35631c07c3662",
                "sha256:650bd9c56ae03102c51a5e4b554d74d825ff3abe4db22b90fd32d816c2e90621",
                "sha256:6bdea47cdbea30d40f8f8d7d69c0854ba7c15420ec75a26f463290949d7f7e9a",
                "sha256:6f6e80850a01eb13b3e42ee0ebdf6e4497151b48c35051aab51c101266d187a3",
                "sha256:6f811f97b0f092b35320d1556f3353bf238763420ade5d9e62ebd2b73f2ff179",
                "sha256:761ec0a66680fab6454236635a39abaf14198818c8cdf691e036f4bc0f406b2d",
                "sha256:77e515f6b15f828b94dc17d2b4ace334c9ddb7d9468c54b2f9ed2b9c1593ef16",
                "sha256:940f11c2604d317e797b289f4f9f3fa5555ffe4fb574b55ed006c3d9b6f0eb78",
                "sha256:9a121a96db1d75fa3eb39c4539e607f628920dd72ff1f7c5ee4f1b768ac62d6e",
                "sha256:a6664b7eac559e3048223a2da77769c2f92b43a6dfd4720cef42654299a599c9",
                "sha256:aac4ebaa612a82b23d45964586f24ae9bc23ca101919f5590bdb368d74ad5455",
                "sha256:afb6e603d6375ff0d6b0cee563fa21ab570fd15e65c852cb24922cef25050cf1",
                "sha256:bcbca3d40558789126da91d7ef9a7c87772ee107033db7191edefa34e2c7f1b4",
                "sha256:c480d632cc0ca3f0727acac8b7d053542d9e114a462a145d0b00e7cd658c515a",
                "sha256:d747e3319b2bce179c7c1eaad3d884dc0a199b5f4d5187620530adf9105268ce",
                "sha256:dcd4be7cc75cfbbca24a98d04d0b9b36a270d0833241f776b788d59f4142b14d",
                "sha256:dd5e4d3301dc01de614da3cdffc33d4b1b96fb89e45721f1598e5532ccf78b18"
            ],
            "index": "pypi",
            "markers": "python_version >= '3.7'",
            "version": "==0.15.0"
        },
        "stack-data": {
            "hashes": [
                "sha256:836a778de4fec4dcd1dcd89ed8abff8a221f58308462e1c4aa2a3cf30148f0b9",
                "sha256:d5558e0c25a4cb0853cddad3d77da9891a08cb85dd9f9f91b9f8cd66e511e695"
            ],
            "version": "==0.6.3"
        },
        "traitlets": {
            "hashes": [
                "sha256:9ed0579d3502c94b4b3732ac120375cda96f923114522847de4b3bb98b96b6b7",
                "sha256:b74e89e397b1ed28cc831db7aea759ba6640cb3de13090ca145426688ff1ac4f"
            ],
            "markers": "python_version >= '3.8'",
            "version": "==5.14.3"
        },
        "wcwidth": {
            "hashes": [
                "sha256:1a3a1e510b553315f8e146c54764f4fb6264ffad731b3d78088cdb1478ffbdad",
                "sha256:cdc4e4262d6ef9a1a57e018384cbeb1208d8abbc64176027e2c2455c81313159"
            ],
            "markers": "python_version >= '3.8'",
            "version": "==0.6.0"
        }
    }
}
